<Solution>
  <Folder Name="/experiments/">
    <Project Path="experiments/Webspine.RazorPrototype/Webspine.RazorPrototype.csproj" />
  </Folder>
  <Folder Name="/src/">
    <Project Path="src/Webspine.Rendering.Legacy/Webspine.Rendering.Legacy.csproj" />
    <Project Path="src/Webspine.Rendering.Razor/Webspine.Rendering.Razor.csproj" />
    <Project Path="src/Webspine.Designs.Studio/Webspine.Designs.Studio.csproj" />
    <Project Path="src/Webspine.Content.Faq/Webspine.Content.Faq.csproj" />
    <Project Path="src/Webspine.Content.Sqlite/Webspine.Content.Sqlite.csproj" />
    <Project Path="src/Webspine.Delivery/Webspine.Delivery.csproj" />
    <Project Path="src/Webspine.Caching.Memory/Webspine.Caching.Memory.csproj" />
    <Project Path="src/Webspine.Core/Webspine.Core.csproj" />
    <Project Path="src/Webspine.Demo/Webspine.Demo.csproj" />
    <Project Path="src/Webspine.Management/Webspine.Management.csproj" />
  </Folder>
  <Folder Name="/tests/">
    <Project Path="tests/Webspine.RazorChecks/Webspine.RazorChecks.csproj" />
    <Project Path="tests/Webspine.Checks/Webspine.Checks.csproj" />
    <Project Path="tests/Webspine.ManagementChecks/Webspine.ManagementChecks.csproj" />
  </Folder>
</Solution>
